
Microsoft Visual Studio Solution File, Format Version 12.00
# Visual Studio 15
VisualStudioVersion = 15.0.28307.168
MinimumVisualStudioVersion = 10.0.40219.1
Project("{FAE04EC0-301F-11D3-BF4B-00C04F79EFBC}") = "noc", "noc\noc.csproj", "{D77D4AFF-DC9E-404A-BD03-B8E5F7E2BF01}"
EndProject
Global
	GlobalSection(SolutionConfigurationPlatforms) = preSolution
		Debug|Any CPU = Debug|Any CPU
		Release|Any CPU = Release|Any CPU
	EndGlobalSection
	GlobalSection(ProjectConfigurationPlatforms) = postSolution
		{D77D4AFF-DC9E-404A-BD03-B8E5F7E2BF01}.Debug|Any CPU.ActiveCfg = Debug|Any CPU
		{D77D4AFF-DC9E-404A-BD03-B8E5F7E2BF01}.Debug|Any CPU.Build.0 = Debug|Any CPU
		{D77D4AFF-DC9E-404A-BD03-B8E5F7E2BF01}.Release|Any CPU.ActiveCfg = Release|Any CPU
		{D77D4AFF-DC9E-404A-BD03-B8E5F7E2BF01}.Release|Any CPU.Build.0 = Release|Any CPU
	EndGlobalSection
	GlobalSection(SolutionProperties) = preSolution
		HideSolutionNode = FALSE
	EndGlobalSection
	GlobalSection(ExtensibilityGlobals) = postSolution
		SolutionGuid = {7AF2C60F-323D-4F3C-924D-016B937DA5E1}
	EndGlobalSection
EndGlobal
