
Microsoft Visual Studio Solution File, Format Version 12.00
# Visual Studio 15
VisualStudioVersion = 15.0.28307.106
MinimumVisualStudioVersion = 10.0.40219.1
Project("{FAE04EC0-301F-11D3-BF4B-00C04F79EFBC}") = "NabeMode", "NabeMode\NabeMode.csproj", "{23318DD9-06D6-4448-AD77-25799C021E54}"
EndProject
Global
	GlobalSection(SolutionConfigurationPlatforms) = preSolution
		Debug|Any CPU = Debug|Any CPU
		Release|Any CPU = Release|Any CPU
	EndGlobalSection
	GlobalSection(ProjectConfigurationPlatforms) = postSolution
		{23318DD9-06D6-4448-AD77-25799C021E54}.Debug|Any CPU.ActiveCfg = Debug|Any CPU
		{23318DD9-06D6-4448-AD77-25799C021E54}.Debug|Any CPU.Build.0 = Debug|Any CPU
		{23318DD9-06D6-4448-AD77-25799C021E54}.Release|Any CPU.ActiveCfg = Release|Any CPU
		{23318DD9-06D6-4448-AD77-25799C021E54}.Release|Any CPU.Build.0 = Release|Any CPU
	EndGlobalSection
	GlobalSection(SolutionProperties) = preSolution
		HideSolutionNode = FALSE
	EndGlobalSection
	GlobalSection(ExtensibilityGlobals) = postSolution
		SolutionGuid = {CB214C85-4B6B-4301-AEC7-B5554AF5FEE3}
	EndGlobalSection
EndGlobal
